// !$*UTF8*$!
{
	archiveVersion = 1;
	classes = {
	};
	objectVersion = 50;
	objects = {

/* Begin PBXBuildFile section */
		8D12FF7225A85998006C30CE /* HydroBerryApp.swift in Sources */ = {isa = PBXBuildFile; fileRef = 8D12FF7125A85998006C30CE /* HydroBerryApp.swift */; };
		8D12FF7425A85998006C30CE /* ContentView.swift in Sources */ = {isa = PBXBuildFile; fileRef = 8D12FF7325A85998006C30CE /* ContentView.swift */; };
		8D12FF7625A85999006C30CE /* Assets.xcassets in Resources */ = {isa = PBXBuildFile; fileRef = 8D12FF7525A85999006C30CE /* Assets.xcassets */; };
		8D12FF7925A85999006C30CE /* Preview Assets.xcassets in Resources */ = {isa = PBXBuildFile; fileRef = 8D12FF7825A85999006C30CE /* Preview Assets.xcassets */; };
		8D12FF8425A85999006C30CE /* HydroBerryTests.swift in Sources */ = {isa = PBXBuildFile; fileRef = 8D12FF8325A85999006C30CE /* HydroBerryTests.swift */; };
		8D12FF8F25A8599A006C30CE /* HydroBerryUITests.swift in Sources */ = {isa = PBXBuildFile; fileRef = 8D12FF8E25A8599A006C30CE /* HydroBerryUITests.swift */; };
		8D52EA2C25A9F73D00132694 /* GrowthView.swift in Sources */ = {isa = PBXBuildFile; fileRef = 8D52EA2B25A9F73D00132694 /* GrowthView.swift */; };
		8DABC9C625A85B2A0064B141 /* SplashScreenView.swift in Sources */ = {isa = PBXBuildFile; fileRef = 8DABC9C525A85B2A0064B141 /* SplashScreenView.swift */; };
		8DABC9CC25A868020064B141 /* DetailsView.swift in Sources */ = {isa = PBXBuildFile; fileRef = 8DABC9CB25A868020064B141 /* DetailsView.swift */; };
		8DABC9D125A86A8A0064B141 /* CardMinMaxView.swift in Sources */ = {isa = PBXBuildFile; fileRef = 8DABC9D025A86A8A0064B141 /* CardMinMaxView.swift */; };
		8DABC9D725A894E10064B141 /* OnboardingView.swift in Sources */ = {isa = PBXBuildFile; fileRef = 8DABC9D625A894E10064B141 /* OnboardingView.swift */; };
		8DABC9DF25A8954B0064B141 /* OnboardingItem.swift in Sources */ = {isa = PBXBuildFile; fileRef = 8DABC9DE25A8954B0064B141 /* OnboardingItem.swift */; };
		8DABC9E425A895710064B141 /* OnboardingStyle.swift in Sources */ = {isa = PBXBuildFile; fileRef = 8DABC9E325A895710064B141 /* OnboardingStyle.swift */; };
		8DABC9E925A8980B0064B141 /* TermsAndPrivacyView.swift in Sources */ = {isa = PBXBuildFile; fileRef = 8DABC9E825A8980B0064B141 /* TermsAndPrivacyView.swift */; };
		8DABC9F225A89E060064B141 /* HomeView.swift in Sources */ = {isa = PBXBuildFile; fileRef = 8DABC9F125A89E060064B141 /* HomeView.swift */; };
		8DABC9F725A89E8D0064B141 /* CardHomeView.swift in Sources */ = {isa = PBXBuildFile; fileRef = 8DABC9F625A89E8D0064B141 /* CardHomeView.swift */; };
/* End PBXBuildFile section */

/* Begin PBXContainerItemProxy section */
		8D12FF8025A85999006C30CE /* PBXContainerItemProxy */ = {
			isa = PBXContainerItemProxy;
			containerPortal = 8D12FF6625A85998006C30CE /* Project object */;
			proxyType = 1;
			remoteGlobalIDString = 8D12FF6D25A85998006C30CE;
			remoteInfo = HydroBerry;
		};
		8D12FF8B25A8599A006C30CE /* PBXContainerItemProxy */ = {
			isa = PBXContainerItemProxy;
			containerPortal = 8D12FF6625A85998006C30CE /* Project object */;
			proxyType = 1;
			remoteGlobalIDString = 8D12FF6D25A85998006C30CE;
			remoteInfo = HydroBerry;
		};
/* End PBXContainerItemProxy section */

/* Begin PBXFileReference section */
		8D12FF6E25A85998006C30CE /* HydroBerry.app */ = {isa = PBXFileReference; explicitFileType = wrapper.application; includeInIndex = 0; path = HydroBerry.app; sourceTree = BUILT_PRODUCTS_DIR; };
		8D12FF7125A85998006C30CE /* HydroBerryApp.swift */ = {isa = PBXFileReference; lastKnownFileType = sourcecode.swift; path = HydroBerryApp.swift; sourceTree = "<group>"; };
		8D12FF7325A85998006C30CE /* ContentView.swift */ = {isa = PBXFileReference; lastKnownFileType = sourcecode.swift; path = ContentView.swift; sourceTree = "<group>"; };
		8D12FF7525A85999006C30CE /* Assets.xcassets */ = {isa = PBXFileReference; lastKnownFileType = folder.assetcatalog; path = Assets.xcassets; sourceTree = "<group>"; };
		8D12FF7825A85999006C30CE /* Preview Assets.xcassets */ = {isa = PBXFileReference; lastKnownFileType = folder.assetcatalog; path = "Preview Assets.xcassets"; sourceTree = "<group>"; };
		8D12FF7A25A85999006C30CE /* Info.plist */ = {isa = PBXFileReference; lastKnownFileType = text.plist.xml; path = Info.plist; sourceTree = "<group>"; };
		8D12FF7F25A85999006C30CE /* HydroBerryTests.xctest */ = {isa = PBXFileReference; explicitFileType = wrapper.cfbundle; includeInIndex = 0; path = HydroBerryTests.xctest; sourceTree = BUILT_PRODUCTS_DIR; };
		8D12FF8325A85999006C30CE /* HydroBerryTests.swift */ = {isa = PBXFileReference; lastKnownFileType = sourcecode.swift; path = HydroBerryTests.swift; sourceTree = "<group>"; };
		8D12FF8525A85999006C30CE /* Info.plist */ = {isa = PBXFileReference; lastKnownFileType = text.plist.xml; path = Info.plist; sourceTree = "<group>"; };
		8D12FF8A25A8599A006C30CE /* HydroBerryUITests.xctest */ = {isa = PBXFileReference; explicitFileType = wrapper.cfbundle; includeInIndex = 0; path = HydroBerryUITests.xctest; sourceTree = BUILT_PRODUCTS_DIR; };
		8D12FF8E25A8599A006C30CE /* HydroBerryUITests.swift */ = {isa = PBXFileReference; lastKnownFileType = sourcecode.swift; path = HydroBerryUITests.swift; sourceTree = "<group>"; };
		8D12FF9025A8599A006C30CE /* Info.plist */ = {isa = PBXFileReference; lastKnownFileType = text.plist.xml; path = Info.plist; sourceTree = "<group>"; };
		8D52EA2B25A9F73D00132694 /* GrowthView.swift */ = {isa = PBXFileReference; lastKnownFileType = sourcecode.swift; path = GrowthView.swift; sourceTree = "<group>"; };
		8DABC9C525A85B2A0064B141 /* SplashScreenView.swift */ = {isa = PBXFileReference; lastKnownFileType = sourcecode.swift; path = SplashScreenView.swift; sourceTree = "<group>"; };
		8DABC9CB25A868020064B141 /* DetailsView.swift */ = {isa = PBXFileReference; lastKnownFileType = sourcecode.swift; path = DetailsView.swift; sourceTree = "<group>"; };
		8DABC9D025A86A8A0064B141 /* CardMinMaxView.swift */ = {isa = PBXFileReference; lastKnownFileType = sourcecode.swift; path = CardMinMaxView.swift; sourceTree = "<group>"; };
		8DABC9D625A894E10064B141 /* OnboardingView.swift */ = {isa = PBXFileReference; lastKnownFileType = sourcecode.swift; path = OnboardingView.swift; sourceTree = "<group>"; };
		8DABC9DE25A8954B0064B141 /* OnboardingItem.swift */ = {isa = PBXFileReference; lastKnownFileType = sourcecode.swift; path = OnboardingItem.swift; sourceTree = "<group>"; };
		8DABC9E325A895710064B141 /* OnboardingStyle.swift */ = {isa = PBXFileReference; lastKnownFileType = sourcecode.swift; path = OnboardingStyle.swift; sourceTree = "<group>"; };
		8DABC9E825A8980B0064B141 /* TermsAndPrivacyView.swift */ = {isa = PBXFileReference; fileEncoding = 4; lastKnownFileType = sourcecode.swift; path = TermsAndPrivacyView.swift; sourceTree = "<group>"; };
		8DABC9F125A89E060064B141 /* HomeView.swift */ = {isa = PBXFileReference; lastKnownFileType = sourcecode.swift; path = HomeView.swift; sourceTree = "<group>"; };
		8DABC9F625A89E8D0064B141 /* CardHomeView.swift */ = {isa = PBXFileReference; lastKnownFileType = sourcecode.swift; path = CardHomeView.swift; sourceTree = "<group>"; };
/* End PBXFileReference section */

/* Begin PBXFrameworksBuildPhase section */
		8D12FF6B25A85998006C30CE /* Frameworks */ = {
			isa = PBXFrameworksBuildPhase;
			buildActionMask = 2147483647;
			files = (
			);
			runOnlyForDeploymentPostprocessing = 0;
		};
		8D12FF7C25A85999006C30CE /* Frameworks */ = {
			isa = PBXFrameworksBuildPhase;
			buildActionMask = 2147483647;
			files = (
			);
			runOnlyForDeploymentPostprocessing = 0;
		};
		8D12FF8725A8599A006C30CE /* Frameworks */ = {
			isa = PBXFrameworksBuildPhase;
			buildActionMask = 2147483647;
			files = (
			);
			runOnlyForDeploymentPostprocessing = 0;
		};
/* End PBXFrameworksBuildPhase section */

/* Begin PBXGroup section */
		8D12FF6525A85998006C30CE = {
			isa = PBXGroup;
			children = (
				8D12FF7025A85998006C30CE /* HydroBerry */,
				8D12FF8225A85999006C30CE /* HydroBerryTests */,
				8D12FF8D25A8599A006C30CE /* HydroBerryUITests */,
				8D12FF6F25A85998006C30CE /* Products */,
			);
			sourceTree = "<group>";
		};
		8D12FF6F25A85998006C30CE /* Products */ = {
			isa = PBXGroup;
			children = (
				8D12FF6E25A85998006C30CE /* HydroBerry.app */,
				8D12FF7F25A85999006C30CE /* HydroBerryTests.xctest */,
				8D12FF8A25A8599A006C30CE /* HydroBerryUITests.xctest */,
			);
			name = Products;
			sourceTree = "<group>";
		};
		8D12FF7025A85998006C30CE /* HydroBerry */ = {
			isa = PBXGroup;
			children = (
				8D52EA2A25A9F6E300132694 /* Growth */,
				8DABC9F025A89DED0064B141 /* Home */,
				8DABC9D525A8948E0064B141 /* Onboarding */,
				8D12FF7125A85998006C30CE /* HydroBerryApp.swift */,
				8DABC9CA25A867BF0064B141 /* Details */,
				8DABC9C425A85AE80064B141 /* Splash Screen */,
				8D12FF7325A85998006C30CE /* ContentView.swift */,
				8DABC9E825A8980B0064B141 /* TermsAndPrivacyView.swift */,
				8D12FF7525A85999006C30CE /* Assets.xcassets */,
				8D12FF7A25A85999006C30CE /* Info.plist */,
				8D12FF7725A85999006C30CE /* Preview Content */,
			);
			path = HydroBerry;
			sourceTree = "<group>";
		};
		8D12FF7725A85999006C30CE /* Preview Content */ = {
			isa = PBXGroup;
			children = (
				8D12FF7825A85999006C30CE /* Preview Assets.xcassets */,
			);
			path = "Preview Content";
			sourceTree = "<group>";
		};
		8D12FF8225A85999006C30CE /* HydroBerryTests */ = {
			isa = PBXGroup;
			children = (
				8D12FF8325A85999006C30CE /* HydroBerryTests.swift */,
				8D12FF8525A85999006C30CE /* Info.plist */,
			);
			path = HydroBerryTests;
			sourceTree = "<group>";
		};
		8D12FF8D25A8599A006C30CE /* HydroBerryUITests */ = {
			isa = PBXGroup;
			children = (
				8D12FF8E25A8599A006C30CE /* HydroBerryUITests.swift */,
				8D12FF9025A8599A006C30CE /* Info.plist */,
			);
			path = HydroBerryUITests;
			sourceTree = "<group>";
		};
		8D52EA2A25A9F6E300132694 /* Growth */ = {
			isa = PBXGroup;
			children = (
				8D52EA2B25A9F73D00132694 /* GrowthView.swift */,
			);
			path = Growth;
			sourceTree = "<group>";
		};
		8DABC9C425A85AE80064B141 /* Splash Screen */ = {
			isa = PBXGroup;
			children = (
				8DABC9C525A85B2A0064B141 /* SplashScreenView.swift */,
			);
			path = "Splash Screen";
			sourceTree = "<group>";
		};
		8DABC9CA25A867BF0064B141 /* Details */ = {
			isa = PBXGroup;
			children = (
				8DABC9CB25A868020064B141 /* DetailsView.swift */,
				8DABC9D025A86A8A0064B141 /* CardMinMaxView.swift */,
			);
			path = Details;
			sourceTree = "<group>";
		};
		8DABC9D525A8948E0064B141 /* Onboarding */ = {
			isa = PBXGroup;
			children = (
				8DABC9D625A894E10064B141 /* OnboardingView.swift */,
				8DABC9DE25A8954B0064B141 /* OnboardingItem.swift */,
				8DABC9E325A895710064B141 /* OnboardingStyle.swift */,
			);
			path = Onboarding;
			sourceTree = "<group>";
		};
		8DABC9F025A89DED0064B141 /* Home */ = {
			isa = PBXGroup;
			children = (
				8DABC9F125A89E060064B141 /* HomeView.swift */,
				8DABC9F625A89E8D0064B141 /* CardHomeView.swift */,
			);
			path = Home;
			sourceTree = "<group>";
		};
/* End PBXGroup section */

/* Begin PBXNativeTarget section */
		8D12FF6D25A85998006C30CE /* HydroBerry */ = {
			isa = PBXNativeTarget;
			buildConfigurationList = 8D12FF9325A8599A006C30CE /* Build configuration list for PBXNativeTarget "HydroBerry" */;
			buildPhases = (
				8D12FF6A25A85998006C30CE /* Sources */,
				8D12FF6B25A85998006C30CE /* Frameworks */,
				8D12FF6C25A85998006C30CE /* Resources */,
			);
			buildRules = (
			);
			dependencies = (
			);
			name = HydroBerry;
			productName = HydroBerry;
			productReference = 8D12FF6E25A85998006C30CE /* HydroBerry.app */;
			productType = "com.apple.product-type.application";
		};
		8D12FF7E25A85999006C30CE /* HydroBerryTests */ = {
			isa = PBXNativeTarget;
			buildConfigurationList = 8D12FF9625A8599A006C30CE /* Build configuration list for PBXNativeTarget "HydroBerryTests" */;
			buildPhases = (
				8D12FF7B25A85999006C30CE /* Sources */,
				8D12FF7C25A85999006C30CE /* Frameworks */,
				8D12FF7D25A85999006C30CE /* Resources */,
			);
			buildRules = (
			);
			dependencies = (
				8D12FF8125A85999006C30CE /* PBXTargetDependency */,
			);
			name = HydroBerryTests;
			productName = HydroBerryTests;
			productReference = 8D12FF7F25A85999006C30CE /* HydroBerryTests.xctest */;
			productType = "com.apple.product-type.bundle.unit-test";
		};
		8D12FF8925A8599A006C30CE /* HydroBerryUITests */ = {
			isa = PBXNativeTarget;
			buildConfigurationList = 8D12FF9925A8599A006C30CE /* Build configuration list for PBXNativeTarget "HydroBerryUITests" */;
			buildPhases = (
				8D12FF8625A8599A006C30CE /* Sources */,
				8D12FF8725A8599A006C30CE /* Frameworks */,
				8D12FF8825A8599A006C30CE /* Resources */,
			);
			buildRules = (
			);
			dependencies = (
				8D12FF8C25A8599A006C30CE /* PBXTargetDependency */,
			);
			name = HydroBerryUITests;
			productName = HydroBerryUITests;
			productReference = 8D12FF8A25A8599A006C30CE /* HydroBerryUITests.xctest */;
			productType = "com.apple.product-type.bundle.ui-testing";
		};
/* End PBXNativeTarget section */

/* Begin PBXProject section */
		8D12FF6625A85998006C30CE /* Project object */ = {
			isa = PBXProject;
			attributes = {
				LastSwiftUpdateCheck = 1230;
				LastUpgradeCheck = 1230;
				TargetAttributes = {
					8D12FF6D25A85998006C30CE = {
						CreatedOnToolsVersion = 12.3;
					};
					8D12FF7E25A85999006C30CE = {
						CreatedOnToolsVersion = 12.3;
						TestTargetID = 8D12FF6D25A85998006C30CE;
					};
					8D12FF8925A8599A006C30CE = {
						CreatedOnToolsVersion = 12.3;
						TestTargetID = 8D12FF6D25A85998006C30CE;
					};
				};
			};
			buildConfigurationList = 8D12FF6925A85998006C30CE /* Build configuration list for PBXProject "HydroBerry" */;
			compatibilityVersion = "Xcode 9.3";
			developmentRegion = en;
			hasScannedForEncodings = 0;
			knownRegions = (
				en,
				Base,
			);
			mainGroup = 8D12FF6525A85998006C30CE;
			productRefGroup = 8D12FF6F25A85998006C30CE /* Products */;
			projectDirPath = "";
			projectRoot = "";
			targets = (
				8D12FF6D25A85998006C30CE /* HydroBerry */,
				8D12FF7E25A85999006C30CE /* HydroBerryTests */,
				8D12FF8925A8599A006C30CE /* HydroBerryUITests */,
			);
		};
/* End PBXProject section */

/* Begin PBXResourcesBuildPhase section */
		8D12FF6C25A85998006C30CE /* Resources */ = {
			isa = PBXResourcesBuildPhase;
			buildActionMask = 2147483647;
			files = (
				8D12FF7925A85999006C30CE /* Preview Assets.xcassets in Resources */,
				8D12FF7625A85999006C30CE /* Assets.xcassets in Resources */,
			);
			runOnlyForDeploymentPostprocessing = 0;
		};
		8D12FF7D25A85999006C30CE /* Resources */ = {
			isa = PBXResourcesBuildPhase;
			buildActionMask = 2147483647;
			files = (
			);
			runOnlyForDeploymentPostprocessing = 0;
		};
		8D12FF8825A8599A006C30CE /* Resources */ = {
			isa = PBXResourcesBuildPhase;
			buildActionMask = 2147483647;
			files = (
			);
			runOnlyForDeploymentPostprocessing = 0;
		};
/* End PBXResourcesBuildPhase section */

/* Begin PBXSourcesBuildPhase section */
		8D12FF6A25A85998006C30CE /* Sources */ = {
			isa = PBXSourcesBuildPhase;
			buildActionMask = 2147483647;
			files = (
				8DABC9F725A89E8D0064B141 /* CardHomeView.swift in Sources */,
				8D52EA2C25A9F73D00132694 /* GrowthView.swift in Sources */,
				8D12FF7425A85998006C30CE /* ContentView.swift in Sources */,
				8DABC9CC25A868020064B141 /* DetailsView.swift in Sources */,
				8D12FF7225A85998006C30CE /* HydroBerryApp.swift in Sources */,
				8DABC9F225A89E060064B141 /* HomeView.swift in Sources */,
				8DABC9E925A8980B0064B141 /* TermsAndPrivacyView.swift in Sources */,
				8DABC9D725A894E10064B141 /* OnboardingView.swift in Sources */,
				8DABC9E425A895710064B141 /* OnboardingStyle.swift in Sources */,
				8DABC9DF25A8954B0064B141 /* OnboardingItem.swift in Sources */,
				8DABC9C625A85B2A0064B141 /* SplashScreenView.swift in Sources */,
				8DABC9D125A86A8A0064B141 /* CardMinMaxView.swift in Sources */,
			);
			runOnlyForDeploymentPostprocessing = 0;
		};
		8D12FF7B25A85999006C30CE /* Sources */ = {
			isa = PBXSourcesBuildPhase;
			buildActionMask = 2147483647;
			files = (
				8D12FF8425A85999006C30CE /* HydroBerryTests.swift in Sources */,
			);
			runOnlyForDeploymentPostprocessing = 0;
		};
		8D12FF8625A8599A006C30CE /* Sources */ = {
			isa = PBXSourcesBuildPhase;
			buildActionMask = 2147483647;
			files = (
				8D12FF8F25A8599A006C30CE /* HydroBerryUITests.swift in Sources */,
			);
			runOnlyForDeploymentPostprocessing = 0;
		};
/* End PBXSourcesBuildPhase section */

/* Begin PBXTargetDependency section */
		8D12FF8125A85999006C30CE /* PBXTargetDependency */ = {
			isa = PBXTargetDependency;
			target = 8D12FF6D25A85998006C30CE /* HydroBerry */;
			targetProxy = 8D12FF8025A85999006C30CE /* PBXContainerItemProxy */;
		};
		8D12FF8C25A8599A006C30CE /* PBXTargetDependency */ = {
			isa = PBXTargetDependency;
			target = 8D12FF6D25A85998006C30CE /* HydroBerry */;
			targetProxy = 8D12FF8B25A8599A006C30CE /* PBXContainerItemProxy */;
		};
/* End PBXTargetDependency section */

/* Begin XCBuildConfiguration section */
		8D12FF9125A8599A006C30CE /* Debug */ = {
			isa = XCBuildConfiguration;
			buildSettings = {
				ALWAYS_SEARCH_USER_PATHS = NO;
				CLANG_ANALYZER_NONNULL = YES;
				CLANG_ANALYZER_NUMBER_OBJECT_CONVERSION = YES_AGGRESSIVE;
				CLANG_CXX_LANGUAGE_STANDARD = "gnu++14";
				CLANG_CXX_LIBRARY = "libc++";
				CLANG_ENABLE_MODULES = YES;
				CLANG_ENABLE_OBJC_ARC = YES;
				CLANG_ENABLE_OBJC_WEAK = YES;
				CLANG_WARN_BLOCK_CAPTURE_AUTORELEASING = YES;
				CLANG_WARN_BOOL_CONVERSION = YES;
				CLANG_WARN_COMMA = YES;
				CLANG_WARN_CONSTANT_CONVERSION = YES;
				CLANG_WARN_DEPRECATED_OBJC_IMPLEMENTATIONS = YES;
				CLANG_WARN_DIRECT_OBJC_ISA_USAGE = YES_ERROR;
				CLANG_WARN_DOCUMENTATION_COMMENTS = YES;
				CLANG_WARN_EMPTY_BODY = YES;
				CLANG_WARN_ENUM_CONVERSION = YES;
				CLANG_WARN_INFINITE_RECURSION = YES;
				CLANG_WARN_INT_CONVERSION = YES;
				CLANG_WARN_NON_LITERAL_NULL_CONVERSION = YES;
				CLANG_WARN_OBJC_IMPLICIT_RETAIN_SELF = YES;
				CLANG_WARN_OBJC_LITERAL_CONVERSION = YES;
				CLANG_WARN_OBJC_ROOT_CLASS = YES_ERROR;
				CLANG_WARN_QUOTED_INCLUDE_IN_FRAMEWORK_HEADER = YES;
				CLANG_WARN_RANGE_LOOP_ANALYSIS = YES;
				CLANG_WARN_STRICT_PROTOTYPES = YES;
				CLANG_WARN_SUSPICIOUS_MOVE = YES;
				CLANG_WARN_UNGUARDED_AVAILABILITY = YES_AGGRESSIVE;
				CLANG_WARN_UNREACHABLE_CODE = YES;
				CLANG_WARN__DUPLICATE_METHOD_MATCH = YES;
				COPY_PHASE_STRIP = NO;
				DEBUG_INFORMATION_FORMAT = dwarf;
				ENABLE_STRICT_OBJC_MSGSEND = YES;
				ENABLE_TESTABILITY = YES;
				GCC_C_LANGUAGE_STANDARD = gnu11;
				GCC_DYNAMIC_NO_PIC = NO;
				GCC_NO_COMMON_BLOCKS = YES;
				GCC_OPTIMIZATION_LEVEL = 0;
				GCC_PREPROCESSOR_DEFINITIONS = (
					"DEBUG=1",
					"$(inherited)",
				);
				GCC_WARN_64_TO_32_BIT_CONVERSION = YES;
				GCC_WARN_ABOUT_RETURN_TYPE = YES_ERROR;
				GCC_WARN_UNDECLARED_SELECTOR = YES;
				GCC_WARN_UNINITIALIZED_AUTOS = YES_AGGRESSIVE;
				GCC_WARN_UNUSED_FUNCTION = YES;
				GCC_WARN_UNUSED_VARIABLE = YES;
				IPHONEOS_DEPLOYMENT_TARGET = 14.3;
				MTL_ENABLE_DEBUG_INFO = INCLUDE_SOURCE;
				MTL_FAST_MATH = YES;
				ONLY_ACTIVE_ARCH = YES;
				SDKROOT = iphoneos;
				SWIFT_ACTIVE_COMPILATION_CONDITIONS = DEBUG;
				SWIFT_OPTIMIZATION_LEVEL = "-Onone";
			};
			name = Debug;
		};
		8D12FF9225A8599A006C30CE /* Release */ = {
			isa = XCBuildConfiguration;
			buildSettings = {
				ALWAYS_SEARCH_USER_PATHS = NO;
				CLANG_ANALYZER_NONNULL = YES;
				CLANG_ANALYZER_NUMBER_OBJECT_CONVERSION = YES_AGGRESSIVE;
				CLANG_CXX_LANGUAGE_STANDARD = "gnu++14";
				CLANG_CXX_LIBRARY = "libc++";
				CLANG_ENABLE_MODULES = YES;
				CLANG_ENABLE_OBJC_ARC = YES;
				CLANG_ENABLE_OBJC_WEAK = YES;
				CLANG_WARN_BLOCK_CAPTURE_AUTORELEASING = YES;
				CLANG_WARN_BOOL_CONVERSION = YES;
				CLANG_WARN_COMMA = YES;
				CLANG_WARN_CONSTANT_CONVERSION = YES;
				CLANG_WARN_DEPRECATED_OBJC_IMPLEMENTATIONS = YES;
				CLANG_WARN_DIRECT_OBJC_ISA_USAGE = YES_ERROR;
				CLANG_WARN_DOCUMENTATION_COMMENTS = YES;
				CLANG_WARN_EMPTY_BODY = YES;
				CLANG_WARN_ENUM_CONVERSION = YES;
				CLANG_WARN_INFINITE_RECURSION = YES;
				CLANG_WARN_INT_CONVERSION = YES;
				CLANG_WARN_NON_LITERAL_NULL_CONVERSION = YES;
				CLANG_WARN_OBJC_IMPLICIT_RETAIN_SELF = YES;
				CLANG_WARN_OBJC_LITERAL_CONVERSION = YES;
				CLANG_WARN_OBJC_ROOT_CLASS = YES_ERROR;
				CLANG_WARN_QUOTED_INCLUDE_IN_FRAMEWORK_HEADER = YES;
				CLANG_WARN_RANGE_LOOP_ANALYSIS = YES;
				CLANG_WARN_STRICT_PROTOTYPES = YES;
				CLANG_WARN_SUSPICIOUS_MOVE = YES;
				CLANG_WARN_UNGUARDED_AVAILABILITY = YES_AGGRESSIVE;
				CLANG_WARN_UNREACHABLE_CODE = YES;
				CLANG_WARN__DUPLICATE_METHOD_MATCH = YES;
				COPY_PHASE_STRIP = NO;
				DEBUG_INFORMATION_FORMAT = "dwarf-with-dsym";
				ENABLE_NS_ASSERTIONS = NO;
				ENABLE_STRICT_OBJC_MSGSEND = YES;
				GCC_C_LANGUAGE_STANDARD = gnu11;
				GCC_NO_COMMON_BLOCKS = YES;
				GCC_WARN_64_TO_32_BIT_CONVERSION = YES;
				GCC_WARN_ABOUT_RETURN_TYPE = YES_ERROR;
				GCC_WARN_UNDECLARED_SELECTOR = YES;
				GCC_WARN_UNINITIALIZED_AUTOS = YES_AGGRESSIVE;
				GCC_WARN_UNUSED_FUNCTION = YES;
				GCC_WARN_UNUSED_VARIABLE = YES;
				IPHONEOS_DEPLOYMENT_TARGET = 14.3;
				MTL_ENABLE_DEBUG_INFO = NO;
				MTL_FAST_MATH = YES;
				SDKROOT = iphoneos;
				SWIFT_COMPILATION_MODE = wholemodule;
				SWIFT_OPTIMIZATION_LEVEL = "-O";
				VALIDATE_PRODUCT = YES;
			};
			name = Release;
		};
		8D12FF9425A8599A006C30CE /* Debug */ = {
			isa = XCBuildConfiguration;
			buildSettings = {
				ASSETCATALOG_COMPILER_APPICON_NAME = AppIcon;
				ASSETCATALOG_COMPILER_GLOBAL_ACCENT_COLOR_NAME = AccentColor;
				CODE_SIGN_STYLE = Automatic;
				DEVELOPMENT_ASSET_PATHS = "\"HydroBerry/Preview Content\"";
				ENABLE_PREVIEWS = YES;
				INFOPLIST_FILE = HydroBerry/Info.plist;
				IPHONEOS_DEPLOYMENT_TARGET = 14.0;
				LD_RUNPATH_SEARCH_PATHS = (
					"$(inherited)",
					"@executable_path/Frameworks",
				);
				PRODUCT_BUNDLE_IDENTIFIER = Duckma.HydroBerry;
				PRODUCT_NAME = "$(TARGET_NAME)";
				SWIFT_VERSION = 5.0;
				TARGETED_DEVICE_FAMILY = 1;
			};
			name = Debug;
		};
		8D12FF9525A8599A006C30CE /* Release */ = {
			isa = XCBuildConfiguration;
			buildSettings = {
				ASSETCATALOG_COMPILER_APPICON_NAME = AppIcon;
				ASSETCATALOG_COMPILER_GLOBAL_ACCENT_COLOR_NAME = AccentColor;
				CODE_SIGN_STYLE = Automatic;
				DEVELOPMENT_ASSET_PATHS = "\"HydroBerry/Preview Content\"";
				ENABLE_PREVIEWS = YES;
				INFOPLIST_FILE = HydroBerry/Info.plist;
				IPHONEOS_DEPLOYMENT_TARGET = 14.0;
				LD_RUNPATH_SEARCH_PATHS = (
					"$(inherited)",
					"@executable_path/Frameworks",
				);
				PRODUCT_BUNDLE_IDENTIFIER = Duckma.HydroBerry;
				PRODUCT_NAME = "$(TARGET_NAME)";
				SWIFT_VERSION = 5.0;
				TARGETED_DEVICE_FAMILY = 1;
			};
			name = Release;
		};
		8D12FF9725A8599A006C30CE /* Debug */ = {
			isa = XCBuildConfiguration;
			buildSettings = {
				ALWAYS_EMBED_SWIFT_STANDARD_LIBRARIES = YES;
				BUNDLE_LOADER = "$(TEST_HOST)";
				CODE_SIGN_STYLE = Automatic;
				INFOPLIST_FILE = HydroBerryTests/Info.plist;
				IPHONEOS_DEPLOYMENT_TARGET = 14.0;
				LD_RUNPATH_SEARCH_PATHS = (
					"$(inherited)",
					"@executable_path/Frameworks",
					"@loader_path/Frameworks",
				);
				PRODUCT_BUNDLE_IDENTIFIER = Duckma.HydroBerryTests;
				PRODUCT_NAME = "$(TARGET_NAME)";
				SWIFT_VERSION = 5.0;
				TARGETED_DEVICE_FAMILY = "1,2";
				TEST_HOST = "$(BUILT_PRODUCTS_DIR)/HydroBerry.app/HydroBerry";
			};
			name = Debug;
		};
		8D12FF9825A8599A006C30CE /* Release */ = {
			isa = XCBuildConfiguration;
			buildSettings = {
				ALWAYS_EMBED_SWIFT_STANDARD_LIBRARIES = YES;
				BUNDLE_LOADER = "$(TEST_HOST)";
				CODE_SIGN_STYLE = Automatic;
				INFOPLIST_FILE = HydroBerryTests/Info.plist;
				IPHONEOS_DEPLOYMENT_TARGET = 14.0;
				LD_RUNPATH_SEARCH_PATHS = (
					"$(inherited)",
					"@executable_path/Frameworks",
					"@loader_path/Frameworks",
				);
				PRODUCT_BUNDLE_IDENTIFIER = Duckma.HydroBerryTests;
				PRODUCT_NAME = "$(TARGET_NAME)";
				SWIFT_VERSION = 5.0;
				TARGETED_DEVICE_FAMILY = "1,2";
				TEST_HOST = "$(BUILT_PRODUCTS_DIR)/HydroBerry.app/HydroBerry";
			};
			name = Release;
		};
		8D12FF9A25A8599A006C30CE /* Debug */ = {
			isa = XCBuildConfiguration;
			buildSettings = {
				ALWAYS_EMBED_SWIFT_STANDARD_LIBRARIES = YES;
				CODE_SIGN_STYLE = Automatic;
				INFOPLIST_FILE = HydroBerryUITests/Info.plist;
				LD_RUNPATH_SEARCH_PATHS = (
					"$(inherited)",
					"@executable_path/Frameworks",
					"@loader_path/Frameworks",
				);
				PRODUCT_BUNDLE_IDENTIFIER = Duckma.HydroBerryUITests;
				PRODUCT_NAME = "$(TARGET_NAME)";
				SWIFT_VERSION = 5.0;
				TARGETED_DEVICE_FAMILY = "1,2";
				TEST_TARGET_NAME = HydroBerry;
			};
			name = Debug;
		};
		8D12FF9B25A8599A006C30CE /* Release */ = {
			isa = XCBuildConfiguration;
			buildSettings = {
				ALWAYS_EMBED_SWIFT_STANDARD_LIBRARIES = YES;
				CODE_SIGN_STYLE = Automatic;
				INFOPLIST_FILE = HydroBerryUITests/Info.plist;
				LD_RUNPATH_SEARCH_PATHS = (
					"$(inherited)",
					"@executable_path/Frameworks",
					"@loader_path/Frameworks",
				);
				PRODUCT_BUNDLE_IDENTIFIER = Duckma.HydroBerryUITests;
				PRODUCT_NAME = "$(TARGET_NAME)";
				SWIFT_VERSION = 5.0;
				TARGETED_DEVICE_FAMILY = "1,2";
				TEST_TARGET_NAME = HydroBerry;
			};
			name = Release;
		};
/* End XCBuildConfiguration section */

/* Begin XCConfigurationList section */
		8D12FF6925A85998006C30CE /* Build configuration list for PBXProject "HydroBerry" */ = {
			isa = XCConfigurationList;
			buildConfigurations = (
				8D12FF9125A8599A006C30CE /* Debug */,
				8D12FF9225A8599A006C30CE /* Release */,
			);
			defaultConfigurationIsVisible = 0;
			defaultConfigurationName = Release;
		};
		8D12FF9325A8599A006C30CE /* Build configuration list for PBXNativeTarget "HydroBerry" */ = {
			isa = XCConfigurationList;
			buildConfigurations = (
				8D12FF9425A8599A006C30CE /* Debug */,
				8D12FF9525A8599A006C30CE /* Release */,
			);
			defaultConfigurationIsVisible = 0;
			defaultConfigurationName = Release;
		};
		8D12FF9625A8599A006C30CE /* Build configuration list for PBXNativeTarget "HydroBerryTests" */ = {
			isa = XCConfigurationList;
			buildConfigurations = (
				8D12FF9725A8599A006C30CE /* Debug */,
				8D12FF9825A8599A006C30CE /* Release */,
			);
			defaultConfigurationIsVisible = 0;
			defaultConfigurationName = Release;
		};
		8D12FF9925A8599A006C30CE /* Build configuration list for PBXNativeTarget "HydroBerryUITests" */ = {
			isa = XCConfigurationList;
			buildConfigurations = (
				8D12FF9A25A8599A006C30CE /* Debug */,
				8D12FF9B25A8599A006C30CE /* Release */,
			);
			defaultConfigurationIsVisible = 0;
			defaultConfigurationName = Release;
		};
/* End XCConfigurationList section */
	};
	rootObject = 8D12FF6625A85998006C30CE /* Project object */;
}
